
Microsoft Visual Studio Solution File, Format Version 11.00
# Visual Studio 2010
Project("{FAE04EC0-301F-11D3-BF4B-00C04F79EFBC}") = "Quality Feedback", "Quality Feedback\Quality Feedback.csproj", "{AFADB399-2BC2-4976-8230-C03DA4F6DE17}"
EndProject
Global
	GlobalSection(SolutionConfigurationPlatforms) = preSolution
		Debug|x86 = Debug|x86
		Release|x86 = Release|x86
	EndGlobalSection
	GlobalSection(ProjectConfigurationPlatforms) = postSolution
		{AFADB399-2BC2-4976-8230-C03DA4F6DE17}.Debug|x86.ActiveCfg = Debug|x86
		{AFADB399-2BC2-4976-8230-C03DA4F6DE17}.Debug|x86.Build.0 = Debug|x86
		{AFADB399-2BC2-4976-8230-C03DA4F6DE17}.Release|x86.ActiveCfg = Release|x86
		{AFADB399-2BC2-4976-8230-C03DA4F6DE17}.Release|x86.Build.0 = Release|x86
	EndGlobalSection
	GlobalSection(SolutionProperties) = preSolution
		HideSolutionNode = FALSE
	EndGlobalSection
EndGlobal
